
Microsoft Visual Studio Solution File, Format Version 12.00
# Visual Studio Version 16
VisualStudioVersion = 16.0.30523.141
MinimumVisualStudioVersion = 10.0.40219.1
Project("{9A19103F-16F7-4668-BE54-9A1E7A4F7556}") = "CareerCloud.Pocos", "CareerCloud.Pocos\CareerCloud.Pocos.csproj", "{E33C2DE5-B0B0-49B0-B61F-53C30BE10DBA}"
EndProject
Project("{9A19103F-16F7-4668-BE54-9A1E7A4F7556}") = "CareerCloud.DataAccessLayer", "CareerCloud.DataAccessLayer\CareerCloud.DataAccessLayer.csproj", "{DB1CDC36-2105-434E-A83C-5087EFFDBF3F}"
EndProject
Project("{9A19103F-16F7-4668-BE54-9A1E7A4F7556}") = "ConsoleApp1", "ConsoleApp1\ConsoleApp1.csproj", "{3B97B35C-F0FE-4941-A3E8-A16810503E73}"
EndProject
Project("{9A19103F-16F7-4668-BE54-9A1E7A4F7556}") = "CareerCloud.ADODataAccessLayer", "CareerCloud.ADODataAccessLayer\CareerCloud.ADODataAccessLayer.csproj", "{1C2CDCCC-2A52-479D-9B42-EDA05210C03A}"
EndProject
Project("{9A19103F-16F7-4668-BE54-9A1E7A4F7556}") = "CareerCloud.BusinessLogicLayer", "CareerCloud.BusinessLogicLayer\CareerCloud.BusinessLogicLayer.csproj", "{1EFA0379-43B7-4CBF-BED1-249DE9D0EBC9}"
EndProject
Project("{9A19103F-16F7-4668-BE54-9A1E7A4F7556}") = "CareerCloudCore.UnitTests.Assignment3", "CareerCloudCore.UnitTests.Assignment3\CareerCloudCore.UnitTests.Assignment3.csproj", "{5E75BB33-7E6C-47A9-B7E5-D5C8C9277520}"
EndProject
Global
	GlobalSection(SolutionConfigurationPlatforms) = preSolution
		Debug|Any CPU = Debug|Any CPU
		Release|Any CPU = Release|Any CPU
	EndGlobalSection
	GlobalSection(ProjectConfigurationPlatforms) = postSolution
		{E33C2DE5-B0B0-49B0-B61F-53C30BE10DBA}.Debug|Any CPU.ActiveCfg = Debug|Any CPU
		{E33C2DE5-B0B0-49B0-B61F-53C30BE10DBA}.Debug|Any CPU.Build.0 = Debug|Any CPU
		{E33C2DE5-B0B0-49B0-B61F-53C30BE10DBA}.Release|Any CPU.ActiveCfg = Release|Any CPU
		{E33C2DE5-B0B0-49B0-B61F-53C30BE10DBA}.Release|Any CPU.Build.0 = Release|Any CPU
		{DB1CDC36-2105-434E-A83C-5087EFFDBF3F}.Debug|Any CPU.ActiveCfg = Debug|Any CPU
		{DB1CDC36-2105-434E-A83C-5087EFFDBF3F}.Debug|Any CPU.Build.0 = Debug|Any CPU
		{DB1CDC36-2105-434E-A83C-5087EFFDBF3F}.Release|Any CPU.ActiveCfg = Release|Any CPU
		{DB1CDC36-2105-434E-A83C-5087EFFDBF3F}.Release|Any CPU.Build.0 = Release|Any CPU
		{3B97B35C-F0FE-4941-A3E8-A16810503E73}.Debug|Any CPU.ActiveCfg = Debug|Any CPU
		{3B97B35C-F0FE-4941-A3E8-A16810503E73}.Debug|Any CPU.Build.0 = Debug|Any CPU
		{3B97B35C-F0FE-4941-A3E8-A16810503E73}.Release|Any CPU.ActiveCfg = Release|Any CPU
		{3B97B35C-F0FE-4941-A3E8-A16810503E73}.Release|Any CPU.Build.0 = Release|Any CPU
		{1C2CDCCC-2A52-479D-9B42-EDA05210C03A}.Debug|Any CPU.ActiveCfg = Debug|Any CPU
		{1C2CDCCC-2A52-479D-9B42-EDA05210C03A}.Debug|Any CPU.Build.0 = Debug|Any CPU
		{1C2CDCCC-2A52-479D-9B42-EDA05210C03A}.Release|Any CPU.ActiveCfg = Release|Any CPU
		{1C2CDCCC-2A52-479D-9B42-EDA05210C03A}.Release|Any CPU.Build.0 = Release|Any CPU
		{1EFA0379-43B7-4CBF-BED1-249DE9D0EBC9}.Debug|Any CPU.ActiveCfg = Debug|Any CPU
		{1EFA0379-43B7-4CBF-BED1-249DE9D0EBC9}.Debug|Any CPU.Build.0 = Debug|Any CPU
		{1EFA0379-43B7-4CBF-BED1-249DE9D0EBC9}.Release|Any CPU.ActiveCfg = Release|Any CPU
		{1EFA0379-43B7-4CBF-BED1-249DE9D0EBC9}.Release|Any CPU.Build.0 = Release|Any CPU
		{5E75BB33-7E6C-47A9-B7E5-D5C8C9277520}.Debug|Any CPU.ActiveCfg = Debug|Any CPU
		{5E75BB33-7E6C-47A9-B7E5-D5C8C9277520}.Debug|Any CPU.Build.0 = Debug|Any CPU
		{5E75BB33-7E6C-47A9-B7E5-D5C8C9277520}.Release|Any CPU.ActiveCfg = Release|Any CPU
		{5E75BB33-7E6C-47A9-B7E5-D5C8C9277520}.Release|Any CPU.Build.0 = Release|Any CPU
	EndGlobalSection
	GlobalSection(SolutionProperties) = preSolution
		HideSolutionNode = FALSE
	EndGlobalSection
	GlobalSection(ExtensibilityGlobals) = postSolution
		SolutionGuid = {239FD595-F1B1-4FD0-A679-5D2400B33A94}
	EndGlobalSection
EndGlobal
